
Microsoft Visual Studio Solution File, Format Version 12.00
# Visual Studio Version 17
VisualStudioVersion = 17.13.35919.96 d17.13
MinimumVisualStudioVersion = 10.0.40219.1
Project("{FAE04EC0-301F-11D3-BF4B-00C04F79EFBC}") = "ReportingPortal", "ReportingPortal\ReportingPortal.csproj", "{5F989813-012D-4BD2-BAFB-EB8FAFA1FADD}"
EndProject
Project("{FAE04EC0-301F-11D3-BF4B-00C04F79EFBC}") = "ReportingPortalServer", "ReportingPortalServer\ReportingPortalServer.csproj", "{79D43080-8604-4CAA-B3C2-E5C97630F9EF}"
EndProject
Global
	GlobalSection(SolutionConfigurationPlatforms) = preSolution
		Debug|Any CPU = Debug|Any CPU
		Release|Any CPU = Release|Any CPU
	EndGlobalSection
	GlobalSection(ProjectConfigurationPlatforms) = postSolution
		{5F989813-012D-4BD2-BAFB-EB8FAFA1FADD}.Debug|Any CPU.ActiveCfg = Debug|Any CPU
		{5F989813-012D-4BD2-BAFB-EB8FAFA1FADD}.Debug|Any CPU.Build.0 = Debug|Any CPU
		{5F989813-012D-4BD2-BAFB-EB8FAFA1FADD}.Release|Any CPU.ActiveCfg = Release|Any CPU
		{5F989813-012D-4BD2-BAFB-EB8FAFA1FADD}.Release|Any CPU.Build.0 = Release|Any CPU
		{79D43080-8604-4CAA-B3C2-E5C97630F9EF}.Debug|Any CPU.ActiveCfg = Debug|Any CPU
		{79D43080-8604-4CAA-B3C2-E5C97630F9EF}.Debug|Any CPU.Build.0 = Debug|Any CPU
		{79D43080-8604-4CAA-B3C2-E5C97630F9EF}.Release|Any CPU.ActiveCfg = Release|Any CPU
		{79D43080-8604-4CAA-B3C2-E5C97630F9EF}.Release|Any CPU.Build.0 = Release|Any CPU
	EndGlobalSection
	GlobalSection(SolutionProperties) = preSolution
		HideSolutionNode = FALSE
	EndGlobalSection
	GlobalSection(ExtensibilityGlobals) = postSolution
		SolutionGuid = {D12599CC-AFAA-44ED-8BA5-B0F7C0D640C4}
	EndGlobalSection
EndGlobal
